
Microsoft Visual Studio Solution File, Format Version 12.00
# Visual Studio Version 16
VisualStudioVersion = 16.0.31424.327
MinimumVisualStudioVersion = 10.0.40219.1
Project("{FAE04EC0-301F-11D3-BF4B-00C04F79EFBC}") = "ADOLibrary", "ADOLibrary\ADOLibrary.csproj", "{7C87D8B8-6F8E-4898-BB0B-8D14488FE3DF}"
EndProject
Global
	GlobalSection(SolutionConfigurationPlatforms) = preSolution
		Debug|Any CPU = Debug|Any CPU
		Release|Any CPU = Release|Any CPU
	EndGlobalSection
	GlobalSection(ProjectConfigurationPlatforms) = postSolution
		{7C87D8B8-6F8E-4898-BB0B-8D14488FE3DF}.Debug|Any CPU.ActiveCfg = Debug|Any CPU
		{7C87D8B8-6F8E-4898-BB0B-8D14488FE3DF}.Debug|Any CPU.Build.0 = Debug|Any CPU
		{7C87D8B8-6F8E-4898-BB0B-8D14488FE3DF}.Release|Any CPU.ActiveCfg = Release|Any CPU
		{7C87D8B8-6F8E-4898-BB0B-8D14488FE3DF}.Release|Any CPU.Build.0 = Release|Any CPU
	EndGlobalSection
	GlobalSection(SolutionProperties) = preSolution
		HideSolutionNode = FALSE
	EndGlobalSection
	GlobalSection(ExtensibilityGlobals) = postSolution
		SolutionGuid = {06867322-69B4-47EA-A21D-DC38D5D06C1B}
	EndGlobalSection
EndGlobal
